
Microsoft Visual Studio Solution File, Format Version 12.00
# Visual Studio 15
VisualStudioVersion = 15.0.27004.2005
MinimumVisualStudioVersion = 10.0.40219.1
Project("{FAE04EC0-301F-11D3-BF4B-00C04F79EFBC}") = "FlacLibSharp.Sandbox", "FlacLibSharp.Sandbox\FlacLibSharp.Sandbox.csproj", "{7E00A2A9-38ED-4005-A368-581373DFD08E}"
EndProject
Project("{9A19103F-16F7-4668-BE54-9A1E7A4F7556}") = "FlacLibSharp", "FlacLibSharp\FlacLibSharp.csproj", "{637AB33C-0C27-4715-B7C9-92DA539C632A}"
EndProject
Project("{FAE04EC0-301F-11D3-BF4B-00C04F79EFBC}") = "FlacLibSharp.Test.Core", "FlacLibSharp.Test.Core\FlacLibSharp.Test.Core.csproj", "{D2406079-100A-4559-9033-EDA33706A72E}"
EndProject
Project("{FAE04EC0-301F-11D3-BF4B-00C04F79EFBC}") = "FlacLibSharp.Test.Windows", "FlacLibSharp.Test.Windows\FlacLibSharp.Test.Windows.csproj", "{E5678FBB-75BA-4A94-BBB3-863DE420F84A}"
EndProject
Project("{FAE04EC0-301F-11D3-BF4B-00C04F79EFBC}") = "FlacLibSharp.Core", "FlacLibSharp.Core\FlacLibSharp.Core.csproj", "{FC53D7F8-0F83-44BF-90D9-21CE70420002}"
EndProject
Global
	GlobalSection(SolutionConfigurationPlatforms) = preSolution
		Debug|Any CPU = Debug|Any CPU
		Release|Any CPU = Release|Any CPU
	EndGlobalSection
	GlobalSection(ProjectConfigurationPlatforms) = postSolution
		{7E00A2A9-38ED-4005-A368-581373DFD08E}.Debug|Any CPU.ActiveCfg = Debug|Any CPU
		{7E00A2A9-38ED-4005-A368-581373DFD08E}.Debug|Any CPU.Build.0 = Debug|Any CPU
		{7E00A2A9-38ED-4005-A368-581373DFD08E}.Release|Any CPU.ActiveCfg = Release|Any CPU
		{7E00A2A9-38ED-4005-A368-581373DFD08E}.Release|Any CPU.Build.0 = Release|Any CPU
		{637AB33C-0C27-4715-B7C9-92DA539C632A}.Debug|Any CPU.ActiveCfg = Debug|Any CPU
		{637AB33C-0C27-4715-B7C9-92DA539C632A}.Debug|Any CPU.Build.0 = Debug|Any CPU
		{637AB33C-0C27-4715-B7C9-92DA539C632A}.Release|Any CPU.ActiveCfg = Release|Any CPU
		{637AB33C-0C27-4715-B7C9-92DA539C632A}.Release|Any CPU.Build.0 = Release|Any CPU
		{D2406079-100A-4559-9033-EDA33706A72E}.Debug|Any CPU.ActiveCfg = Debug|Any CPU
		{D2406079-100A-4559-9033-EDA33706A72E}.Debug|Any CPU.Build.0 = Debug|Any CPU
		{D2406079-100A-4559-9033-EDA33706A72E}.Release|Any CPU.ActiveCfg = Release|Any CPU
		{D2406079-100A-4559-9033-EDA33706A72E}.Release|Any CPU.Build.0 = Release|Any CPU
		{E5678FBB-75BA-4A94-BBB3-863DE420F84A}.Debug|Any CPU.ActiveCfg = Debug|Any CPU
		{E5678FBB-75BA-4A94-BBB3-863DE420F84A}.Debug|Any CPU.Build.0 = Debug|Any CPU
		{E5678FBB-75BA-4A94-BBB3-863DE420F84A}.Release|Any CPU.ActiveCfg = Release|Any CPU
		{E5678FBB-75BA-4A94-BBB3-863DE420F84A}.Release|Any CPU.Build.0 = Release|Any CPU
		{FC53D7F8-0F83-44BF-90D9-21CE70420002}.Debug|Any CPU.ActiveCfg = Debug|Any CPU
		{FC53D7F8-0F83-44BF-90D9-21CE70420002}.Debug|Any CPU.Build.0 = Debug|Any CPU
		{FC53D7F8-0F83-44BF-90D9-21CE70420002}.Release|Any CPU.ActiveCfg = Release|Any CPU
		{FC53D7F8-0F83-44BF-90D9-21CE70420002}.Release|Any CPU.Build.0 = Release|Any CPU
	EndGlobalSection
	GlobalSection(SolutionProperties) = preSolution
		HideSolutionNode = FALSE
	EndGlobalSection
	GlobalSection(ExtensibilityGlobals) = postSolution
		SolutionGuid = {EA7CDF5F-A94A-4F87-969E-DB4572C3114F}
	EndGlobalSection
EndGlobal
