
Microsoft Visual Studio Solution File, Format Version 12.00
# Visual Studio Express 2012 for Windows Desktop
Project("{FAE04EC0-301F-11D3-BF4B-00C04F79EFBC}") = "FlacLibSharp", "FlacLibSharp.csproj", "{5A129A9A-D6D8-43C3-90AC-34108918BDC6}"
EndProject
Project("{FAE04EC0-301F-11D3-BF4B-00C04F79EFBC}") = "FlacLibSharp.Sandbox", "..\FlacLibSharp.Sandbox\FlacLibSharp.Sandbox.csproj", "{7E00A2A9-38ED-4005-A368-581373DFD08E}"
EndProject
Project("{FAE04EC0-301F-11D3-BF4B-00C04F79EFBC}") = "FlacLibSharp.Test", "FlacLibSharp.Test\FlacLibSharp.Test.csproj", "{E5678FBB-75BA-4A94-BBB3-863DE420F84A}"
EndProject
Global
	GlobalSection(SolutionConfigurationPlatforms) = preSolution
		Debug|Any CPU = Debug|Any CPU
		Release|Any CPU = Release|Any CPU
	EndGlobalSection
	GlobalSection(ProjectConfigurationPlatforms) = postSolution
		{5A129A9A-D6D8-43C3-90AC-34108918BDC6}.Debug|Any CPU.ActiveCfg = Debug|Any CPU
		{5A129A9A-D6D8-43C3-90AC-34108918BDC6}.Debug|Any CPU.Build.0 = Debug|Any CPU
		{5A129A9A-D6D8-43C3-90AC-34108918BDC6}.Release|Any CPU.ActiveCfg = Release|Any CPU
		{5A129A9A-D6D8-43C3-90AC-34108918BDC6}.Release|Any CPU.Build.0 = Release|Any CPU
		{7E00A2A9-38ED-4005-A368-581373DFD08E}.Debug|Any CPU.ActiveCfg = Debug|Any CPU
		{7E00A2A9-38ED-4005-A368-581373DFD08E}.Debug|Any CPU.Build.0 = Debug|Any CPU
		{7E00A2A9-38ED-4005-A368-581373DFD08E}.Release|Any CPU.ActiveCfg = Release|Any CPU
		{7E00A2A9-38ED-4005-A368-581373DFD08E}.Release|Any CPU.Build.0 = Release|Any CPU
		{E5678FBB-75BA-4A94-BBB3-863DE420F84A}.Debug|Any CPU.ActiveCfg = Debug|Any CPU
		{E5678FBB-75BA-4A94-BBB3-863DE420F84A}.Debug|Any CPU.Build.0 = Debug|Any CPU
		{E5678FBB-75BA-4A94-BBB3-863DE420F84A}.Release|Any CPU.ActiveCfg = Release|Any CPU
		{E5678FBB-75BA-4A94-BBB3-863DE420F84A}.Release|Any CPU.Build.0 = Release|Any CPU
	EndGlobalSection
	GlobalSection(SolutionProperties) = preSolution
		HideSolutionNode = FALSE
	EndGlobalSection
EndGlobal
